
Microsoft Visual Studio Solution File, Format Version 12.00
# Visual Studio Version 17
VisualStudioVersion = 17.4.33213.308
MinimumVisualStudioVersion = 10.0.40219.1
Project("{9A19103F-16F7-4668-BE54-9A1E7A4F7556}") = "ArtGuard", "ArtGuard\ArtGuard.csproj", "{CF928A6A-136C-426A-B10E-2ABEA7BCCC49}"
EndProject
Project("{FAE04EC0-301F-11D3-BF4B-00C04F79EFBC}") = "ArtGuardTests", "ArtGuardTests\ArtGuardTests.csproj", "{ED8B502A-404C-4BC4-864B-57EBFDA04992}"
EndProject
Global
	GlobalSection(SolutionConfigurationPlatforms) = preSolution
		Debug|Any CPU = Debug|Any CPU
		Release|Any CPU = Release|Any CPU
	EndGlobalSection
	GlobalSection(ProjectConfigurationPlatforms) = postSolution
		{CF928A6A-136C-426A-B10E-2ABEA7BCCC49}.Debug|Any CPU.ActiveCfg = Debug|Any CPU
		{CF928A6A-136C-426A-B10E-2ABEA7BCCC49}.Debug|Any CPU.Build.0 = Debug|Any CPU
		{CF928A6A-136C-426A-B10E-2ABEA7BCCC49}.Release|Any CPU.ActiveCfg = Release|Any CPU
		{CF928A6A-136C-426A-B10E-2ABEA7BCCC49}.Release|Any CPU.Build.0 = Release|Any CPU
		{ED8B502A-404C-4BC4-864B-57EBFDA04992}.Debug|Any CPU.ActiveCfg = Debug|Any CPU
		{ED8B502A-404C-4BC4-864B-57EBFDA04992}.Debug|Any CPU.Build.0 = Debug|Any CPU
		{ED8B502A-404C-4BC4-864B-57EBFDA04992}.Release|Any CPU.ActiveCfg = Release|Any CPU
		{ED8B502A-404C-4BC4-864B-57EBFDA04992}.Release|Any CPU.Build.0 = Release|Any CPU
	EndGlobalSection
	GlobalSection(SolutionProperties) = preSolution
		HideSolutionNode = FALSE
	EndGlobalSection
	GlobalSection(ExtensibilityGlobals) = postSolution
		SolutionGuid = {8785ACC6-AB81-4767-855A-BECFB04AD8A2}
	EndGlobalSection
EndGlobal
